{
	"name": "banano",
	"version": "1.0.12",
	"lockfileVersion": 1,
	"requires": true,
	"dependencies": {
		"cli.util": {
			"version": "git+https://git@github.com/anzerr/cli.util.git#ad61f79045a56f6bcac352b6cba5c77a96302c8a",
			"from": "git+https://git@github.com/anzerr/cli.util.git"
		},
		"dockerfile.util": {
			"version": "git+https://git@github.com/anzerr/dockerfile.util.git#bcc0f9f949e6f8816eb575ee48a0cdec676ce6a3",
			"from": "git+https://git@github.com/anzerr/dockerfile.util.git",
			"requires": {
				"fs.promisify": "git+https://git@github.com/anzerr/fs.promisify.git"
			},
			"dependencies": {
				"fs.promisify": {
					"version": "git+https://git@github.com/anzerr/fs.promisify.git#45d567c029e5b930dd84883f8b70495d8198e887",
					"from": "git+https://git@github.com/anzerr/fs.promisify.git"
				}
			}
		},
		"fs.mkdirp": {
			"version": "git+https://git@github.com/anzerr/fs.mkdirp.git#9188442f39eb0308594d282b82a79339ed6488cb",
			"from": "git+https://git@github.com/anzerr/fs.mkdirp.git",
			"requires": {
				"fs.promisify": "git+https://git@github.com/anzerr/fs.promisify.git"
			}
		},
		"fs.promisify": {
			"version": "git+https://git@github.com/anzerr/fs.promisify.git#bfcee5ea34846e7f7cf0d48d46d93f564f57a402",
			"from": "git+https://git@github.com/anzerr/fs.promisify.git"
		}
	}
}
